// !$*UTF8*$!
{
	archiveVersion = 1;
	classes = {
	};
	objectVersion = 77;
	objects = {

/* Begin PBXBuildFile section */
		0A8C5960EBC46A2ADAA75E66 /* ChatModels.swift in Sources */ = {isa = PBXBuildFile; fileRef = FAB420F0204C20473C2A037A /* ChatModels.swift */; };
		18AA2466207278ECE6C5C4D6 /* SolanaWalletService.swift in Sources */ = {isa = PBXBuildFile; fileRef = 4FA7D297285D2D2F5A525E09 /* SolanaWalletService.swift */; };
		1C02807D99B7480D19D0AAC4 /* NewChatView.swift in Sources */ = {isa = PBXBuildFile; fileRef = FAD3EADDCD825F6AC6DA2242 /* NewChatView.swift */; };
		292D3EA00EBA2A7FCD83A0B7 /* PaymentFlowCoordinator.swift in Sources */ = {isa = PBXBuildFile; fileRef = C5823A4F148D3965E2AEBE70 /* PaymentFlowCoordinator.swift */; };
		2A3C2D4E17A995F9BA071B55 /* CardDetailView.swift in Sources */ = {isa = PBXBuildFile; fileRef = 0789052981CF5B478E99CEAB /* CardDetailView.swift */; };
		315F4599EAFAB656D0A8FCEB /* WalletView.swift in Sources */ = {isa = PBXBuildFile; fileRef = DE04578F4702934235555E4E /* WalletView.swift */; };
		320866D1D5258F1E44E036D0 /* Config.plist in Resources */ = {isa = PBXBuildFile; fileRef = 01E3C37E5B0BB665F874AAF3 /* Config.plist */; };
		35DD5ADD531AEBD1FBE0210E /* ChatView.swift in Sources */ = {isa = PBXBuildFile; fileRef = 4D14BE0F5BD83BD122195D05 /* ChatView.swift */; };
		3AA5EAB800509993DA50D795 /* OnboardingView.swift in Sources */ = {isa = PBXBuildFile; fileRef = 9778FCC0A8225E9236AD8592 /* OnboardingView.swift */; };
		40B6C15CF38CD9E560DA2559 /* SappBottomBar.swift in Sources */ = {isa = PBXBuildFile; fileRef = A363CF5DA4A3C1AAAF052565 /* SappBottomBar.swift */; };
		4E6B4331220B57703CDDB01C /* SappButton.swift in Sources */ = {isa = PBXBuildFile; fileRef = AFBC8E0427E4C24FA37293AD /* SappButton.swift */; };
		542049CE63A983D0D9040459 /* SwapAndPayModels.swift in Sources */ = {isa = PBXBuildFile; fileRef = A3C7C5CDC83B90F3076BC8A1 /* SwapAndPayModels.swift */; };
		6434E002114677FF73300872 /* SappTextField.swift in Sources */ = {isa = PBXBuildFile; fileRef = 7C647E6C13087BA1D9BBF9E2 /* SappTextField.swift */; };
		8C5B609947D794A51C3A7583 /* ConversationsView.swift in Sources */ = {isa = PBXBuildFile; fileRef = AFBFE842556502107015CEC5 /* ConversationsView.swift */; };
		96B0C10D72F29D0533BBADF3 /* SwapAndPayService.swift in Sources */ = {isa = PBXBuildFile; fileRef = 3C33815850A983161226F91C /* SwapAndPayService.swift */; };
		9985329C10B4D272A6DB022C /* StarpayCardStorage.swift in Sources */ = {isa = PBXBuildFile; fileRef = D57700E429B5EA373DB8AB5E /* StarpayCardStorage.swift */; };
		A2C220E46E804FEC4DF9CC7A /* AutoSwapPayView.swift in Sources */ = {isa = PBXBuildFile; fileRef = A8BBCE419FD6959FF1DD87FC /* AutoSwapPayView.swift */; };
		AA0001112F17A00000000001 /* SappAPIService.swift in Sources */ = {isa = PBXBuildFile; fileRef = AA0001102F17A00000000001 /* SappAPIService.swift */; };
		AA0001132F17A00000000002 /* HandleSetupView.swift in Sources */ = {isa = PBXBuildFile; fileRef = AA0001122F17A00000000002 /* HandleSetupView.swift */; };
		B2C95E81033D827717590D5A /* MessagingService.swift in Sources */ = {isa = PBXBuildFile; fileRef = D4FC47E24006030864597E73 /* MessagingService.swift */; };
		C3055AE80A2654F4E2FA7FD5 /* SolanaModels.swift in Sources */ = {isa = PBXBuildFile; fileRef = 7600FAD8F160E2ABC8A1DADB /* SolanaModels.swift */; };
		D1BCCB653D6410EB83C0BC24 /* BareKitManager.swift in Sources */ = {isa = PBXBuildFile; fileRef = C506F77C4457951D306302A6 /* BareKitManager.swift */; };
		E301F23A2ED5E983000F07D7 /* RootNavigationView.swift in Sources */ = {isa = PBXBuildFile; fileRef = E301F2312ED5E983000F07D7 /* RootNavigationView.swift */; };
		E301F23C2ED5E983000F07D7 /* WalletSeedStore.swift in Sources */ = {isa = PBXBuildFile; fileRef = E301F20F2ED5E983000F07D7 /* WalletSeedStore.swift */; };
		E301F23E2ED5E983000F07D7 /* CurrencyStore.swift in Sources */ = {isa = PBXBuildFile; fileRef = E301F20A2ED5E983000F07D7 /* CurrencyStore.swift */; };
		E301F23F2ED5E983000F07D7 /* WalletViewModel.swift in Sources */ = {isa = PBXBuildFile; fileRef = E301F20C2ED5E983000F07D7 /* WalletViewModel.swift */; };
		E301F2422ED5E983000F07D7 /* MainTabView.swift in Sources */ = {isa = PBXBuildFile; fileRef = E301F2302ED5E983000F07D7 /* MainTabView.swift */; };
		E301F2482ED5E983000F07D7 /* AuthViewModel.swift in Sources */ = {isa = PBXBuildFile; fileRef = E301F2092ED5E983000F07D7 /* AuthViewModel.swift */; };
		E301F24E2ED5E983000F07D7 /* AuthService.swift in Sources */ = {isa = PBXBuildFile; fileRef = E301F2002ED5E983000F07D7 /* AuthService.swift */; };
		E301F24F2ED5E983000F07D7 /* WalletMnemonicCodec.swift in Sources */ = {isa = PBXBuildFile; fileRef = E301F20E2ED5E983000F07D7 /* WalletMnemonicCodec.swift */; };
		E301F2502ED5E983000F07D7 /* HomeService.swift in Sources */ = {isa = PBXBuildFile; fileRef = E301F2012ED5E983000F07D7 /* HomeService.swift */; };
		E301F2532ED5E983000F07D7 /* HandPreference.swift in Sources */ = {isa = PBXBuildFile; fileRef = E301F20B2ED5E983000F07D7 /* HandPreference.swift */; };
		E301F2562ED5E983000F07D7 /* WalletOnboardingViewModel.swift in Sources */ = {isa = PBXBuildFile; fileRef = E301F2222ED5E983000F07D7 /* WalletOnboardingViewModel.swift */; };
		E301F2592ED5E983000F07D7 /* WalletSyncState.swift in Sources */ = {isa = PBXBuildFile; fileRef = E301F2102ED5E983000F07D7 /* WalletSyncState.swift */; };
		E301F25E2ED5E983000F07D7 /* QRCodeView.swift in Sources */ = {isa = PBXBuildFile; fileRef = E301F1F92ED5E983000F07D7 /* QRCodeView.swift */; };
		E301F25F2ED5E983000F07D7 /* SettingsView.swift in Sources */ = {isa = PBXBuildFile; fileRef = E301F22B2ED5E983000F07D7 /* SettingsView.swift */; };
		E301F2622ED5E983000F07D7 /* Theme.swift in Sources */ = {isa = PBXBuildFile; fileRef = E301F2122ED5E983000F07D7 /* Theme.swift */; };
		E32EB58D2F1C8ADC002AC726 /* SolanaPriceService.swift in Sources */ = {isa = PBXBuildFile; fileRef = E32EB58A2F1C8ADC002AC726 /* SolanaPriceService.swift */; };
		E32EB58E2F1C8ADC002AC726 /* TransactionBuilder.swift in Sources */ = {isa = PBXBuildFile; fileRef = E32EB58C2F1C8ADC002AC726 /* TransactionBuilder.swift */; };
		E32EB58F2F1C8ADC002AC726 /* SolanaModels.swift in Sources */ = {isa = PBXBuildFile; fileRef = E32EB5892F1C8ADC002AC726 /* SolanaModels.swift */; };
		E32EB5912F1C8ADC002AC726 /* SolanaWalletService.swift in Sources */ = {isa = PBXBuildFile; fileRef = E32EB58B2F1C8ADC002AC726 /* SolanaWalletService.swift */; };
		E32EB5962F1C8B11002AC726 /* BareKitBridge.swift in Sources */ = {isa = PBXBuildFile; fileRef = E32EB5922F1C8B11002AC726 /* BareKitBridge.swift */; };
		E32EB5972F1C8B11002AC726 /* MessagingService.swift in Sources */ = {isa = PBXBuildFile; fileRef = E32EB5952F1C8B11002AC726 /* MessagingService.swift */; };
		E32EB5982F1C8B11002AC726 /* BareKitManager.swift in Sources */ = {isa = PBXBuildFile; fileRef = E32EB5932F1C8B11002AC726 /* BareKitManager.swift */; };
		E32EB5992F1C8B11002AC726 /* ChatModels.swift in Sources */ = {isa = PBXBuildFile; fileRef = E32EB5942F1C8B11002AC726 /* ChatModels.swift */; };
		E32EB59D2F1C8B99002AC726 /* WebSocketService.swift in Sources */ = {isa = PBXBuildFile; fileRef = E32EB59C2F1C8B99002AC726 /* WebSocketService.swift */; };
		E32EB5A72F1C8CAE002AC726 /* ContactEntity.swift in Sources */ = {isa = PBXBuildFile; fileRef = E32EB5A02F1C8CAE002AC726 /* ContactEntity.swift */; };
		E32EB5A82F1C8CAE002AC726 /* ConversationEntity.swift in Sources */ = {isa = PBXBuildFile; fileRef = E32EB5A12F1C8CAE002AC726 /* ConversationEntity.swift */; };
		E32EB5A92F1C8CAE002AC726 /* DatabaseManager.swift in Sources */ = {isa = PBXBuildFile; fileRef = E32EB59F2F1C8CAE002AC726 /* DatabaseManager.swift */; };
		E32EB5AA2F1C8CAE002AC726 /* ParticipantEntity.swift in Sources */ = {isa = PBXBuildFile; fileRef = E32EB5A32F1C8CAE002AC726 /* ParticipantEntity.swift */; };
		E32EB5AB2F1C8CAE002AC726 /* Sapp.xcdatamodeld in Sources */ = {isa = PBXBuildFile; fileRef = E32EB5A52F1C8CAE002AC726 /* Sapp.xcdatamodeld */; };
		E32EB5AC2F1C8CAE002AC726 /* MessageEntity.swift in Sources */ = {isa = PBXBuildFile; fileRef = E32EB5A22F1C8CAE002AC726 /* MessageEntity.swift */; };
		E32EB5AF2F1C8D4E002AC726 /* QRCodeScanner.swift in Sources */ = {isa = PBXBuildFile; fileRef = E32EB5AE2F1C8D4E002AC726 /* QRCodeScanner.swift */; };
		E32EB5B22F1C8D79002AC726 /* QRScannerView.swift in Sources */ = {isa = PBXBuildFile; fileRef = E32EB5B12F1C8D79002AC726 /* QRScannerView.swift */; };
		E32EB5B52F1C98E5002AC726 /* AppConfig.swift in Sources */ = {isa = PBXBuildFile; fileRef = E32EB5B32F1C98E5002AC726 /* AppConfig.swift */; };
		E32EB5B72F247C6B002AC726 /* WalletBackupView.swift in Sources */ = {isa = PBXBuildFile; fileRef = E32EB5B62F247C6B002AC726 /* WalletBackupView.swift */; };
		E32EB5BC2F24C126002AC726 /* ChatView.swift in Sources */ = {isa = PBXBuildFile; fileRef = E32EB5B82F24C126002AC726 /* ChatView.swift */; };
		E32EB5BD2F24C126002AC726 /* SendCryptoInChatView.swift in Sources */ = {isa = PBXBuildFile; fileRef = E32EB5BB2F24C126002AC726 /* SendCryptoInChatView.swift */; };
		E32EB5BE2F24C126002AC726 /* ConversationsView.swift in Sources */ = {isa = PBXBuildFile; fileRef = E32EB5B92F24C126002AC726 /* ConversationsView.swift */; };
		E32EB5BF2F24C126002AC726 /* NewChatView.swift in Sources */ = {isa = PBXBuildFile; fileRef = E32EB5BA2F24C126002AC726 /* NewChatView.swift */; };
		E32EB5C62F24C15E002AC726 /* ShadowWireAPI.swift in Sources */ = {isa = PBXBuildFile; fileRef = E32EB5C12F24C15E002AC726 /* ShadowWireAPI.swift */; };
		E32EB5C72F24C15E002AC726 /* ShadowWireModels.swift in Sources */ = {isa = PBXBuildFile; fileRef = E32EB5C22F24C15E002AC726 /* ShadowWireModels.swift */; };
		E32EB5C82F24C15E002AC726 /* EncryptionService.swift in Sources */ = {isa = PBXBuildFile; fileRef = E32EB5C02F24C15E002AC726 /* EncryptionService.swift */; };
		E32EB5C92F24C15E002AC726 /* ShadowWireTokens.swift in Sources */ = {isa = PBXBuildFile; fileRef = E32EB5C42F24C15E002AC726 /* ShadowWireTokens.swift */; };
		E32EB5CA2F24C15E002AC726 /* ShadowWireService.swift in Sources */ = {isa = PBXBuildFile; fileRef = E32EB5C32F24C15E002AC726 /* ShadowWireService.swift */; };
		E32EB5CD2F24C4F0002AC726 /* SendCryptoView.swift in Sources */ = {isa = PBXBuildFile; fileRef = E32EB5CB2F24C4F0002AC726 /* SendCryptoView.swift */; };
		E32EB5CE2F24C4F0002AC726 /* WalletView.swift in Sources */ = {isa = PBXBuildFile; fileRef = E32EB5CC2F24C4F0002AC726 /* WalletView.swift */; };
		E32EB5D12F25D7C2002AC726 /* SilentSwapService.swift in Sources */ = {isa = PBXBuildFile; fileRef = E32EB5D02F25D7C2002AC726 /* SilentSwapService.swift */; };
		E32EB5D22F25D7C2002AC726 /* SilentSwapModels.swift in Sources */ = {isa = PBXBuildFile; fileRef = E32EB5CF2F25D7C2002AC726 /* SilentSwapModels.swift */; };
		E32EB5D62F25D7EA002AC726 /* EarnView.swift in Sources */ = {isa = PBXBuildFile; fileRef = E32EB5D32F25D7EA002AC726 /* EarnView.swift */; };
		E32EB5D82F25E1C5002AC726 /* SwapView.swift in Sources */ = {isa = PBXBuildFile; fileRef = E32EB5D72F25E1C5002AC726 /* SwapView.swift */; };
		E32EB5DF2F25F6A9002AC726 /* WithdrawSheet.swift in Sources */ = {isa = PBXBuildFile; fileRef = E32EB5DE2F25F6A9002AC726 /* WithdrawSheet.swift */; };
		E32EB5E02F25F6A9002AC726 /* DepositSheet.swift in Sources */ = {isa = PBXBuildFile; fileRef = E32EB5D92F25F6A9002AC726 /* DepositSheet.swift */; };
		E32EB5E12F25F6A9002AC726 /* PoolRowView.swift in Sources */ = {isa = PBXBuildFile; fileRef = E32EB5DC2F25F6A9002AC726 /* PoolRowView.swift */; };
		E32EB5E22F25F6A9002AC726 /* EarnViewModel.swift in Sources */ = {isa = PBXBuildFile; fileRef = E32EB5DB2F25F6A9002AC726 /* EarnViewModel.swift */; };
		E32EB5E32F25F6A9002AC726 /* PositionCard.swift in Sources */ = {isa = PBXBuildFile; fileRef = E32EB5DD2F25F6A9002AC726 /* PositionCard.swift */; };
		E32EB5E42F25F6A9002AC726 /* EarnSummaryCard.swift in Sources */ = {isa = PBXBuildFile; fileRef = E32EB5DA2F25F6A9002AC726 /* EarnSummaryCard.swift */; };
		E32EB5E72F25F6E6002AC726 /* LuloModels.swift in Sources */ = {isa = PBXBuildFile; fileRef = E32EB5E52F25F6E6002AC726 /* LuloModels.swift */; };
		E32EB5E82F25F6E6002AC726 /* LuloService.swift in Sources */ = {isa = PBXBuildFile; fileRef = E32EB5E62F25F6E6002AC726 /* LuloService.swift */; };
		E32EB5EA2F261D71002AC726 /* CardOrderView.swift in Sources */ = {isa = PBXBuildFile; fileRef = E32EB5E92F261D71002AC726 /* CardOrderView.swift */; };
		E32EB5EE2F261F7A002AC726 /* StarPayService.swift in Sources */ = {isa = PBXBuildFile; fileRef = E32EB5EC2F261F7A002AC726 /* StarPayService.swift */; };
		E32EB5EF2F261F7A002AC726 /* StarPayModels.swift in Sources */ = {isa = PBXBuildFile; fileRef = E32EB5EB2F261F7A002AC726 /* StarPayModels.swift */; };
		E34428132F2C580100C0EB3C /* PrivyAuthService.swift in Sources */ = {isa = PBXBuildFile; fileRef = E34428122F2C580100C0EB3C /* PrivyAuthService.swift */; };
		E3607C1D2F2A48EC0051AA71 /* ConversationStore.swift in Sources */ = {isa = PBXBuildFile; fileRef = E3607C162F2A48EC0051AA71 /* ConversationStore.swift */; };
		E3607C1E2F2A48EC0051AA71 /* HypercoreWorkletSource.swift in Sources */ = {isa = PBXBuildFile; fileRef = E3607C1B2F2A48EC0051AA71 /* HypercoreWorkletSource.swift */; };
		E3607C1F2F2A48EC0051AA71 /* ConversationRecovery.swift in Sources */ = {isa = PBXBuildFile; fileRef = E3607C152F2A48EC0051AA71 /* ConversationRecovery.swift */; };
		E3607C202F2A48EC0051AA71 /* HypercoreModels.swift in Sources */ = {isa = PBXBuildFile; fileRef = E3607C192F2A48EC0051AA71 /* HypercoreModels.swift */; };
		E3607C212F2A48EC0051AA71 /* HybridMessagingService.swift in Sources */ = {isa = PBXBuildFile; fileRef = E3607C172F2A48EC0051AA71 /* HybridMessagingService.swift */; };
		E3607C222F2A48EC0051AA71 /* HypercoreIntegration.swift in Sources */ = {isa = PBXBuildFile; fileRef = E3607C182F2A48EC0051AA71 /* HypercoreIntegration.swift */; };
		E3607C232F2A48EC0051AA71 /* HypercoreService.swift in Sources */ = {isa = PBXBuildFile; fileRef = E3607C1A2F2A48EC0051AA71 /* HypercoreService.swift */; };
		E3648DDE2EDC4A8F00962E5A /* Media.xcassets in Resources */ = {isa = PBXBuildFile; fileRef = E3648DDD2EDC4A8F00962E5A /* Media.xcassets */; };
		E3648DE42EDDCA1600962E5A /* WalletMetadataStore.swift in Sources */ = {isa = PBXBuildFile; fileRef = E3648DE32EDDCA1600962E5A /* WalletMetadataStore.swift */; };
		E3A481272F2C5A7B0079119F /* Privy in Frameworks */ = {isa = PBXBuildFile; productRef = E3A481262F2C5A7B0079119F /* Privy */; };
		E3A4812F2F2C95150079119F /* GroupInitialsView.swift in Sources */ = {isa = PBXBuildFile; fileRef = E3A4812E2F2C95150079119F /* GroupInitialsView.swift */; };
		E3A481322F2C95700079119F /* GroupDetailsView.swift in Sources */ = {isa = PBXBuildFile; fileRef = E3A481302F2C95700079119F /* GroupDetailsView.swift */; };
		E3A481332F2C95700079119F /* ProfileView.swift in Sources */ = {isa = PBXBuildFile; fileRef = E3A481312F2C95700079119F /* ProfileView.swift */; };
		E3A481352F2CDCCF0079119F /* SplitBillView.swift in Sources */ = {isa = PBXBuildFile; fileRef = E3A481342F2CDCCF0079119F /* SplitBillView.swift */; };
		E3A481372F2CDCE30079119F /* FeedbackService.swift in Sources */ = {isa = PBXBuildFile; fileRef = E3A481362F2CDCE30079119F /* FeedbackService.swift */; };
		E3A481392F2DB8790079119F /* hypercore.bundle in Resources */ = {isa = PBXBuildFile; fileRef = E3A481382F2DB8790079119F /* hypercore.bundle */; };
		E3B10AAA2EF98888000F07D7 /* BiometricAuthService.swift in Sources */ = {isa = PBXBuildFile; fileRef = E3B10AA72EF98888000F07D7 /* BiometricAuthService.swift */; };
		E3B10AAB2EF98888000F07D7 /* BiometricSettingsStore.swift in Sources */ = {isa = PBXBuildFile; fileRef = E3B10AA82EF98888000F07D7 /* BiometricSettingsStore.swift */; };
		E3B10AAC2EF98888000F07D7 /* BiometricSetupPromptView.swift in Sources */ = {isa = PBXBuildFile; fileRef = E3B10AA92EF98888000F07D7 /* BiometricSetupPromptView.swift */; };
		E3D561C22F17334400C139F1 /* sapp.swift in Sources */ = {isa = PBXBuildFile; fileRef = E3D561BE2F17334400C139F1 /* sapp.swift */; };
		E3D561CC2F1A141300C139F1 /* BareKit.xcframework in Frameworks */ = {isa = PBXBuildFile; fileRef = E3D561CB2F1A141300C139F1 /* BareKit.xcframework */; };
		E3D561CD2F1A141300C139F1 /* BareKit.xcframework in Embed Frameworks */ = {isa = PBXBuildFile; fileRef = E3D561CB2F1A141300C139F1 /* BareKit.xcframework */; settings = {ATTRIBUTES = (CodeSignOnCopy, RemoveHeadersOnCopy, ); }; };
		E8620C24595CCEE7588E24DF /* PrivyAuthServiceProtocol.swift in Sources */ = {isa = PBXBuildFile; fileRef = A2BF753256520F4A50E64306 /* PrivyAuthServiceProtocol.swift */; };
		E8620C24595CCEE7588E24E0 /* PrivyModels.swift in Sources */ = {isa = PBXBuildFile; fileRef = A2BF753256520F4A50E64307 /* PrivyModels.swift */; };
		E8620C24595CCEE7588E24E1 /* PrivyConfiguration.swift in Sources */ = {isa = PBXBuildFile; fileRef = A2BF753256520F4A50E64308 /* PrivyConfiguration.swift */; };
		E8620C24595CCEE7588E24E2 /* SappErrors.swift in Sources */ = {isa = PBXBuildFile; fileRef = A2BF753256520F4A50E64309 /* SappErrors.swift */; };
		E8620C24595CCEE7588E24E3 /* WalletModels.swift in Sources */ = {isa = PBXBuildFile; fileRef = A2BF753256520F4A50E6430A /* WalletModels.swift */; };
		E8620C24595CCEE7588E24E4 /* WalletAPIService.swift in Sources */ = {isa = PBXBuildFile; fileRef = A2BF753256520F4A50E6430B /* WalletAPIService.swift */; };
		E97C778B51D8242D06B27D0E /* StarpayCardsView.swift in Sources */ = {isa = PBXBuildFile; fileRef = CA04D6D649B7CCBD760F971B /* StarpayCardsView.swift */; };
/* End PBXBuildFile section */

/* Begin PBXCopyFilesBuildPhase section */
		E3D561CE2F1A141300C139F1 /* Embed Frameworks */ = {
			isa = PBXCopyFilesBuildPhase;
			buildActionMask = 2147483647;
			dstPath = "";
			dstSubfolderSpec = 10;
			files = (
				E3D561CD2F1A141300C139F1 /* BareKit.xcframework in Embed Frameworks */,
			);
			name = "Embed Frameworks";
			runOnlyForDeploymentPostprocessing = 0;
		};
/* End PBXCopyFilesBuildPhase section */

/* Begin PBXFileReference section */
		01E3C37E5B0BB665F874AAF3 /* Config.plist */ = {isa = PBXFileReference; includeInIndex = 1; lastKnownFileType = text.plist.xml; path = Config.plist; sourceTree = "<group>"; };
		0789052981CF5B478E99CEAB /* CardDetailView.swift */ = {isa = PBXFileReference; includeInIndex = 1; lastKnownFileType = sourcecode.swift; path = Features/Wallet/CardDetailView.swift; sourceTree = SOURCE_ROOT; };
		3C33815850A983161226F91C /* SwapAndPayService.swift */ = {isa = PBXFileReference; includeInIndex = 1; lastKnownFileType = sourcecode.swift; path = SwapAndPayService.swift; sourceTree = "<group>"; };
		4D14BE0F5BD83BD122195D05 /* ChatView.swift */ = {isa = PBXFileReference; includeInIndex = 1; lastKnownFileType = sourcecode.swift; name = ChatView.swift; path = Features/Messaging/ChatView.swift; sourceTree = "<group>"; };
		4FA7D297285D2D2F5A525E09 /* SolanaWalletService.swift */ = {isa = PBXFileReference; includeInIndex = 1; lastKnownFileType = sourcecode.swift; name = SolanaWalletService.swift; path = Core/Solana/SolanaWalletService.swift; sourceTree = "<group>"; };
		7600FAD8F160E2ABC8A1DADB /* SolanaModels.swift */ = {isa = PBXFileReference; includeInIndex = 1; lastKnownFileType = sourcecode.swift; name = SolanaModels.swift; path = Core/Solana/SolanaModels.swift; sourceTree = "<group>"; };
		7C647E6C13087BA1D9BBF9E2 /* SappTextField.swift */ = {isa = PBXFileReference; includeInIndex = 1; lastKnownFileType = sourcecode.swift; path = SappTextField.swift; sourceTree = "<group>"; };
		9778FCC0A8225E9236AD8592 /* OnboardingView.swift */ = {isa = PBXFileReference; includeInIndex = 1; lastKnownFileType = sourcecode.swift; path = OnboardingView.swift; sourceTree = "<group>"; };
		A2BF753256520F4A50E64306 /* PrivyAuthServiceProtocol.swift */ = {isa = PBXFileReference; includeInIndex = 1; lastKnownFileType = sourcecode.swift; name = PrivyAuthServiceProtocol.swift; path = Core/Auth/PrivyAuthServiceProtocol.swift; sourceTree = "<group>"; };
		A2BF753256520F4A50E64307 /* PrivyModels.swift */ = {isa = PBXFileReference; includeInIndex = 1; lastKnownFileType = sourcecode.swift; name = PrivyModels.swift; path = Core/Auth/PrivyModels.swift; sourceTree = "<group>"; };
		A2BF753256520F4A50E64308 /* PrivyConfiguration.swift */ = {isa = PBXFileReference; includeInIndex = 1; lastKnownFileType = sourcecode.swift; name = PrivyConfiguration.swift; path = Core/Auth/PrivyConfiguration.swift; sourceTree = "<group>"; };
		A2BF753256520F4A50E64309 /* SappErrors.swift */ = {isa = PBXFileReference; includeInIndex = 1; lastKnownFileType = sourcecode.swift; name = SappErrors.swift; path = Core/Errors/SappErrors.swift; sourceTree = "<group>"; };
		A2BF753256520F4A50E6430A /* WalletModels.swift */ = {isa = PBXFileReference; includeInIndex = 1; lastKnownFileType = sourcecode.swift; name = WalletModels.swift; path = Core/Wallet/WalletModels.swift; sourceTree = "<group>"; };
		A2BF753256520F4A50E6430B /* WalletAPIService.swift */ = {isa = PBXFileReference; includeInIndex = 1; lastKnownFileType = sourcecode.swift; name = WalletAPIService.swift; path = Core/Wallet/WalletAPIService.swift; sourceTree = "<group>"; };
		A363CF5DA4A3C1AAAF052565 /* SappBottomBar.swift */ = {isa = PBXFileReference; includeInIndex = 1; lastKnownFileType = sourcecode.swift; path = SappBottomBar.swift; sourceTree = "<group>"; };
		A3C7C5CDC83B90F3076BC8A1 /* SwapAndPayModels.swift */ = {isa = PBXFileReference; includeInIndex = 1; lastKnownFileType = sourcecode.swift; path = SwapAndPayModels.swift; sourceTree = "<group>"; };
		A8BBCE419FD6959FF1DD87FC /* AutoSwapPayView.swift */ = {isa = PBXFileReference; includeInIndex = 1; lastKnownFileType = sourcecode.swift; name = AutoSwapPayView.swift; path = Wallet/AutoSwapPayView.swift; sourceTree = "<group>"; };
		AA0001102F17A00000000001 /* SappAPIService.swift */ = {isa = PBXFileReference; lastKnownFileType = sourcecode.swift; path = SappAPIService.swift; sourceTree = "<group>"; };
		AA0001122F17A00000000002 /* HandleSetupView.swift */ = {isa = PBXFileReference; lastKnownFileType = sourcecode.swift; path = HandleSetupView.swift; sourceTree = "<group>"; };
		AFBC8E0427E4C24FA37293AD /* SappButton.swift */ = {isa = PBXFileReference; includeInIndex = 1; lastKnownFileType = sourcecode.swift; path = SappButton.swift; sourceTree = "<group>"; };
		AFBFE842556502107015CEC5 /* ConversationsView.swift */ = {isa = PBXFileReference; includeInIndex = 1; lastKnownFileType = sourcecode.swift; name = ConversationsView.swift; path = Features/Messaging/ConversationsView.swift; sourceTree = "<group>"; };
		C506F77C4457951D306302A6 /* BareKitManager.swift */ = {isa = PBXFileReference; includeInIndex = 1; lastKnownFileType = sourcecode.swift; name = BareKitManager.swift; path = Core/Messaging/BareKitManager.swift; sourceTree = "<group>"; };
		C5823A4F148D3965E2AEBE70 /* PaymentFlowCoordinator.swift */ = {isa = PBXFileReference; includeInIndex = 1; lastKnownFileType = sourcecode.swift; name = PaymentFlowCoordinator.swift; path = Wallet/PaymentFlowCoordinator.swift; sourceTree = "<group>"; };
		CA04D6D649B7CCBD760F971B /* StarpayCardsView.swift */ = {isa = PBXFileReference; includeInIndex = 1; lastKnownFileType = sourcecode.swift; path = Features/Wallet/StarpayCardsView.swift; sourceTree = SOURCE_ROOT; };
		D46A2CDEA331F36185AE895B /* Config.plist */ = {isa = PBXFileReference; includeInIndex = 1; lastKnownFileType = text.plist.xml; path = Config.plist; sourceTree = "<group>"; };
		D4FC47E24006030864597E73 /* MessagingService.swift */ = {isa = PBXFileReference; includeInIndex = 1; lastKnownFileType = sourcecode.swift; name = MessagingService.swift; path = Core/Messaging/MessagingService.swift; sourceTree = "<group>"; };
		D57700E429B5EA373DB8AB5E /* StarpayCardStorage.swift */ = {isa = PBXFileReference; includeInIndex = 1; lastKnownFileType = sourcecode.swift; path = Core/StarPay/StarpayCardStorage.swift; sourceTree = SOURCE_ROOT; };
		DE04578F4702934235555E4E /* WalletView.swift */ = {isa = PBXFileReference; includeInIndex = 1; lastKnownFileType = sourcecode.swift; name = WalletView.swift; path = Features/Wallet/WalletView.swift; sourceTree = "<group>"; };
		E301F1F92ED5E983000F07D7 /* QRCodeView.swift */ = {isa = PBXFileReference; lastKnownFileType = sourcecode.swift; path = QRCodeView.swift; sourceTree = "<group>"; };
		E301F2002ED5E983000F07D7 /* AuthService.swift */ = {isa = PBXFileReference; lastKnownFileType = sourcecode.swift; path = AuthService.swift; sourceTree = "<group>"; };
		E301F2012ED5E983000F07D7 /* HomeService.swift */ = {isa = PBXFileReference; lastKnownFileType = sourcecode.swift; path = HomeService.swift; sourceTree = "<group>"; };
		E301F2092ED5E983000F07D7 /* AuthViewModel.swift */ = {isa = PBXFileReference; lastKnownFileType = sourcecode.swift; path = AuthViewModel.swift; sourceTree = "<group>"; };
		E301F20A2ED5E983000F07D7 /* CurrencyStore.swift */ = {isa = PBXFileReference; lastKnownFileType = sourcecode.swift; path = CurrencyStore.swift; sourceTree = "<group>"; };
		E301F20B2ED5E983000F07D7 /* HandPreference.swift */ = {isa = PBXFileReference; lastKnownFileType = sourcecode.swift; path = HandPreference.swift; sourceTree = "<group>"; };
		E301F20C2ED5E983000F07D7 /* WalletViewModel.swift */ = {isa = PBXFileReference; lastKnownFileType = sourcecode.swift; path = WalletViewModel.swift; sourceTree = "<group>"; };
		E301F20E2ED5E983000F07D7 /* WalletMnemonicCodec.swift */ = {isa = PBXFileReference; lastKnownFileType = sourcecode.swift; path = WalletMnemonicCodec.swift; sourceTree = "<group>"; };
		E301F20F2ED5E983000F07D7 /* WalletSeedStore.swift */ = {isa = PBXFileReference; lastKnownFileType = sourcecode.swift; path = WalletSeedStore.swift; sourceTree = "<group>"; };
		E301F2102ED5E983000F07D7 /* WalletSyncState.swift */ = {isa = PBXFileReference; lastKnownFileType = sourcecode.swift; path = WalletSyncState.swift; sourceTree = "<group>"; };
		E301F2122ED5E983000F07D7 /* Theme.swift */ = {isa = PBXFileReference; lastKnownFileType = sourcecode.swift; path = Theme.swift; sourceTree = "<group>"; };
		E301F2222ED5E983000F07D7 /* WalletOnboardingViewModel.swift */ = {isa = PBXFileReference; lastKnownFileType = sourcecode.swift; path = WalletOnboardingViewModel.swift; sourceTree = "<group>"; };
		E301F22B2ED5E983000F07D7 /* SettingsView.swift */ = {isa = PBXFileReference; lastKnownFileType = sourcecode.swift; path = SettingsView.swift; sourceTree = "<group>"; };
		E301F2302ED5E983000F07D7 /* MainTabView.swift */ = {isa = PBXFileReference; lastKnownFileType = sourcecode.swift; path = MainTabView.swift; sourceTree = "<group>"; };
		E301F2312ED5E983000F07D7 /* RootNavigationView.swift */ = {isa = PBXFileReference; lastKnownFileType = sourcecode.swift; path = RootNavigationView.swift; sourceTree = "<group>"; };
		E32EB5892F1C8ADC002AC726 /* SolanaModels.swift */ = {isa = PBXFileReference; lastKnownFileType = sourcecode.swift; name = SolanaModels.swift; path = Solana/SolanaModels.swift; sourceTree = "<group>"; };
		E32EB58A2F1C8ADC002AC726 /* SolanaPriceService.swift */ = {isa = PBXFileReference; lastKnownFileType = sourcecode.swift; name = SolanaPriceService.swift; path = Solana/SolanaPriceService.swift; sourceTree = "<group>"; };
		E32EB58B2F1C8ADC002AC726 /* SolanaWalletService.swift */ = {isa = PBXFileReference; lastKnownFileType = sourcecode.swift; name = SolanaWalletService.swift; path = Solana/SolanaWalletService.swift; sourceTree = "<group>"; };
		E32EB58C2F1C8ADC002AC726 /* TransactionBuilder.swift */ = {isa = PBXFileReference; lastKnownFileType = sourcecode.swift; name = TransactionBuilder.swift; path = Solana/TransactionBuilder.swift; sourceTree = "<group>"; };
		E32EB5922F1C8B11002AC726 /* BareKitBridge.swift */ = {isa = PBXFileReference; lastKnownFileType = sourcecode.swift; name = BareKitBridge.swift; path = Messaging/BareKitBridge.swift; sourceTree = "<group>"; };
		E32EB5932F1C8B11002AC726 /* BareKitManager.swift */ = {isa = PBXFileReference; lastKnownFileType = sourcecode.swift; name = BareKitManager.swift; path = Messaging/BareKitManager.swift; sourceTree = "<group>"; };
		E32EB5942F1C8B11002AC726 /* ChatModels.swift */ = {isa = PBXFileReference; lastKnownFileType = sourcecode.swift; name = ChatModels.swift; path = Messaging/ChatModels.swift; sourceTree = "<group>"; };
		E32EB5952F1C8B11002AC726 /* MessagingService.swift */ = {isa = PBXFileReference; lastKnownFileType = sourcecode.swift; name = MessagingService.swift; path = Messaging/MessagingService.swift; sourceTree = "<group>"; };
		E32EB59C2F1C8B99002AC726 /* WebSocketService.swift */ = {isa = PBXFileReference; lastKnownFileType = sourcecode.swift; name = WebSocketService.swift; path = Core/Networking/WebSocketService.swift; sourceTree = SOURCE_ROOT; };
		E32EB59F2F1C8CAE002AC726 /* DatabaseManager.swift */ = {isa = PBXFileReference; lastKnownFileType = sourcecode.swift; name = DatabaseManager.swift; path = Core/Database/DatabaseManager.swift; sourceTree = SOURCE_ROOT; };
		E32EB5A02F1C8CAE002AC726 /* ContactEntity.swift */ = {isa = PBXFileReference; lastKnownFileType = sourcecode.swift; path = ContactEntity.swift; sourceTree = "<group>"; };
		E32EB5A12F1C8CAE002AC726 /* ConversationEntity.swift */ = {isa = PBXFileReference; lastKnownFileType = sourcecode.swift; path = ConversationEntity.swift; sourceTree = "<group>"; };
		E32EB5A22F1C8CAE002AC726 /* MessageEntity.swift */ = {isa = PBXFileReference; lastKnownFileType = sourcecode.swift; path = MessageEntity.swift; sourceTree = "<group>"; };
		E32EB5A32F1C8CAE002AC726 /* ParticipantEntity.swift */ = {isa = PBXFileReference; lastKnownFileType = sourcecode.swift; path = ParticipantEntity.swift; sourceTree = "<group>"; };
		E32EB5A62F1C8CAE002AC726 /* Sapp.xcdatamodel */ = {isa = PBXFileReference; lastKnownFileType = wrapper.xcdatamodel; path = Sapp.xcdatamodel; sourceTree = "<group>"; };
		E32EB5AE2F1C8D4E002AC726 /* QRCodeScanner.swift */ = {isa = PBXFileReference; lastKnownFileType = sourcecode.swift; name = QRCodeScanner.swift; path = Core/QRCode/QRCodeScanner.swift; sourceTree = SOURCE_ROOT; };
		E32EB5B12F1C8D79002AC726 /* QRScannerView.swift */ = {isa = PBXFileReference; lastKnownFileType = sourcecode.swift; name = QRScannerView.swift; path = Features/Payment/QRScannerView.swift; sourceTree = SOURCE_ROOT; };
		E32EB5B32F1C98E5002AC726 /* AppConfig.swift */ = {isa = PBXFileReference; lastKnownFileType = sourcecode.swift; path = AppConfig.swift; sourceTree = "<group>"; };
		E32EB5B62F247C6B002AC726 /* WalletBackupView.swift */ = {isa = PBXFileReference; lastKnownFileType = sourcecode.swift; path = WalletBackupView.swift; sourceTree = "<group>"; };
		E32EB5B82F24C126002AC726 /* ChatView.swift */ = {isa = PBXFileReference; lastKnownFileType = sourcecode.swift; name = ChatView.swift; path = Messaging/ChatView.swift; sourceTree = "<group>"; };
		E32EB5B92F24C126002AC726 /* ConversationsView.swift */ = {isa = PBXFileReference; lastKnownFileType = sourcecode.swift; name = ConversationsView.swift; path = Messaging/ConversationsView.swift; sourceTree = "<group>"; };
		E32EB5BA2F24C126002AC726 /* NewChatView.swift */ = {isa = PBXFileReference; lastKnownFileType = sourcecode.swift; name = NewChatView.swift; path = Messaging/NewChatView.swift; sourceTree = "<group>"; };
		E32EB5BB2F24C126002AC726 /* SendCryptoInChatView.swift */ = {isa = PBXFileReference; lastKnownFileType = sourcecode.swift; name = SendCryptoInChatView.swift; path = Messaging/SendCryptoInChatView.swift; sourceTree = "<group>"; };
		E32EB5C02F24C15E002AC726 /* EncryptionService.swift */ = {isa = PBXFileReference; lastKnownFileType = sourcecode.swift; path = EncryptionService.swift; sourceTree = "<group>"; };
		E32EB5C12F24C15E002AC726 /* ShadowWireAPI.swift */ = {isa = PBXFileReference; lastKnownFileType = sourcecode.swift; path = ShadowWireAPI.swift; sourceTree = "<group>"; };
		E32EB5C22F24C15E002AC726 /* ShadowWireModels.swift */ = {isa = PBXFileReference; lastKnownFileType = sourcecode.swift; path = ShadowWireModels.swift; sourceTree = "<group>"; };
		E32EB5C32F24C15E002AC726 /* ShadowWireService.swift */ = {isa = PBXFileReference; lastKnownFileType = sourcecode.swift; path = ShadowWireService.swift; sourceTree = "<group>"; };
		E32EB5C42F24C15E002AC726 /* ShadowWireTokens.swift */ = {isa = PBXFileReference; lastKnownFileType = sourcecode.swift; path = ShadowWireTokens.swift; sourceTree = "<group>"; };
		E32EB5CB2F24C4F0002AC726 /* SendCryptoView.swift */ = {isa = PBXFileReference; lastKnownFileType = sourcecode.swift; name = SendCryptoView.swift; path = Wallet/SendCryptoView.swift; sourceTree = "<group>"; };
		E32EB5CC2F24C4F0002AC726 /* WalletView.swift */ = {isa = PBXFileReference; lastKnownFileType = sourcecode.swift; name = WalletView.swift; path = Wallet/WalletView.swift; sourceTree = "<group>"; };
		E32EB5CF2F25D7C2002AC726 /* SilentSwapModels.swift */ = {isa = PBXFileReference; lastKnownFileType = sourcecode.swift; path = SilentSwapModels.swift; sourceTree = "<group>"; };
		E32EB5D02F25D7C2002AC726 /* SilentSwapService.swift */ = {isa = PBXFileReference; lastKnownFileType = sourcecode.swift; path = SilentSwapService.swift; sourceTree = "<group>"; };
		E32EB5D32F25D7EA002AC726 /* EarnView.swift */ = {isa = PBXFileReference; lastKnownFileType = sourcecode.swift; name = EarnView.swift; path = Wallet/EarnView.swift; sourceTree = "<group>"; };
		E32EB5D72F25E1C5002AC726 /* SwapView.swift */ = {isa = PBXFileReference; lastKnownFileType = sourcecode.swift; name = SwapView.swift; path = Wallet/SwapView.swift; sourceTree = "<group>"; };
		E32EB5D92F25F6A9002AC726 /* DepositSheet.swift */ = {isa = PBXFileReference; lastKnownFileType = sourcecode.swift; name = DepositSheet.swift; path = Wallet/DepositSheet.swift; sourceTree = "<group>"; };
		E32EB5DA2F25F6A9002AC726 /* EarnSummaryCard.swift */ = {isa = PBXFileReference; lastKnownFileType = sourcecode.swift; name = EarnSummaryCard.swift; path = Wallet/EarnSummaryCard.swift; sourceTree = "<group>"; };
		E32EB5DB2F25F6A9002AC726 /* EarnViewModel.swift */ = {isa = PBXFileReference; lastKnownFileType = sourcecode.swift; name = EarnViewModel.swift; path = Wallet/EarnViewModel.swift; sourceTree = "<group>"; };
		E32EB5DC2F25F6A9002AC726 /* PoolRowView.swift */ = {isa = PBXFileReference; lastKnownFileType = sourcecode.swift; name = PoolRowView.swift; path = Wallet/PoolRowView.swift; sourceTree = "<group>"; };
		E32EB5DD2F25F6A9002AC726 /* PositionCard.swift */ = {isa = PBXFileReference; lastKnownFileType = sourcecode.swift; name = PositionCard.swift; path = Wallet/PositionCard.swift; sourceTree = "<group>"; };
		E32EB5DE2F25F6A9002AC726 /* WithdrawSheet.swift */ = {isa = PBXFileReference; lastKnownFileType = sourcecode.swift; name = WithdrawSheet.swift; path = Wallet/WithdrawSheet.swift; sourceTree = "<group>"; };
		E32EB5E52F25F6E6002AC726 /* LuloModels.swift */ = {isa = PBXFileReference; lastKnownFileType = sourcecode.swift; path = LuloModels.swift; sourceTree = "<group>"; };
		E32EB5E62F25F6E6002AC726 /* LuloService.swift */ = {isa = PBXFileReference; lastKnownFileType = sourcecode.swift; path = LuloService.swift; sourceTree = "<group>"; };
		E32EB5E92F261D71002AC726 /* CardOrderView.swift */ = {isa = PBXFileReference; lastKnownFileType = sourcecode.swift; name = CardOrderView.swift; path = Wallet/CardOrderView.swift; sourceTree = "<group>"; };
		E32EB5EB2F261F7A002AC726 /* StarPayModels.swift */ = {isa = PBXFileReference; lastKnownFileType = sourcecode.swift; path = StarPayModels.swift; sourceTree = "<group>"; };
		E32EB5EC2F261F7A002AC726 /* StarPayService.swift */ = {isa = PBXFileReference; lastKnownFileType = sourcecode.swift; path = StarPayService.swift; sourceTree = "<group>"; };
		E34428032F2BC0A700C0EB3C /* SETTINGS_VIEW_DEBUG_GUIDE.md */ = {isa = PBXFileReference; lastKnownFileType = net.daringfireball.markdown; path = SETTINGS_VIEW_DEBUG_GUIDE.md; sourceTree = "<group>"; };
		E34428122F2C580100C0EB3C /* PrivyAuthService.swift */ = {isa = PBXFileReference; lastKnownFileType = sourcecode.swift; path = PrivyAuthService.swift; sourceTree = "<group>"; };
		E3607C152F2A48EC0051AA71 /* ConversationRecovery.swift */ = {isa = PBXFileReference; lastKnownFileType = sourcecode.swift; path = ConversationRecovery.swift; sourceTree = "<group>"; };
		E3607C162F2A48EC0051AA71 /* ConversationStore.swift */ = {isa = PBXFileReference; lastKnownFileType = sourcecode.swift; path = ConversationStore.swift; sourceTree = "<group>"; };
		E3607C172F2A48EC0051AA71 /* HybridMessagingService.swift */ = {isa = PBXFileReference; lastKnownFileType = sourcecode.swift; path = HybridMessagingService.swift; sourceTree = "<group>"; };
		E3607C182F2A48EC0051AA71 /* HypercoreIntegration.swift */ = {isa = PBXFileReference; lastKnownFileType = sourcecode.swift; path = HypercoreIntegration.swift; sourceTree = "<group>"; };
		E3607C192F2A48EC0051AA71 /* HypercoreModels.swift */ = {isa = PBXFileReference; lastKnownFileType = sourcecode.swift; path = HypercoreModels.swift; sourceTree = "<group>"; };
		E3607C1A2F2A48EC0051AA71 /* HypercoreService.swift */ = {isa = PBXFileReference; lastKnownFileType = sourcecode.swift; path = HypercoreService.swift; sourceTree = "<group>"; };
		E3607C1B2F2A48EC0051AA71 /* HypercoreWorkletSource.swift */ = {isa = PBXFileReference; lastKnownFileType = sourcecode.swift; path = HypercoreWorkletSource.swift; sourceTree = "<group>"; };
		E3648DC32ED9D35600962E5A /* Info.plist */ = {isa = PBXFileReference; lastKnownFileType = text.plist.xml; path = Info.plist; sourceTree = "<group>"; };
		E3648DDD2EDC4A8F00962E5A /* Media.xcassets */ = {isa = PBXFileReference; lastKnownFileType = folder.assetcatalog; path = Media.xcassets; sourceTree = "<group>"; };
		E3648DE32EDDCA1600962E5A /* WalletMetadataStore.swift */ = {isa = PBXFileReference; lastKnownFileType = sourcecode.swift; path = WalletMetadataStore.swift; sourceTree = "<group>"; };
		E3A4812E2F2C95150079119F /* GroupInitialsView.swift */ = {isa = PBXFileReference; lastKnownFileType = sourcecode.swift; path = GroupInitialsView.swift; sourceTree = "<group>"; };
		E3A481302F2C95700079119F /* GroupDetailsView.swift */ = {isa = PBXFileReference; lastKnownFileType = sourcecode.swift; name = GroupDetailsView.swift; path = Messaging/GroupDetailsView.swift; sourceTree = "<group>"; };
		E3A481312F2C95700079119F /* ProfileView.swift */ = {isa = PBXFileReference; lastKnownFileType = sourcecode.swift; name = ProfileView.swift; path = Messaging/ProfileView.swift; sourceTree = "<group>"; };
		E3A481342F2CDCCF0079119F /* SplitBillView.swift */ = {isa = PBXFileReference; lastKnownFileType = sourcecode.swift; name = SplitBillView.swift; path = Messaging/SplitBillView.swift; sourceTree = "<group>"; };
		E3A481362F2CDCE30079119F /* FeedbackService.swift */ = {isa = PBXFileReference; lastKnownFileType = sourcecode.swift; path = FeedbackService.swift; sourceTree = "<group>"; };
		E3A481382F2DB8790079119F /* hypercore.bundle */ = {isa = PBXFileReference; lastKnownFileType = text; name = hypercore.bundle; path = worklets/hypercore.bundle; sourceTree = "<group>"; };
		E3B10AA72EF98888000F07D7 /* BiometricAuthService.swift */ = {isa = PBXFileReference; lastKnownFileType = sourcecode.swift; path = BiometricAuthService.swift; sourceTree = "<group>"; };
		E3B10AA82EF98888000F07D7 /* BiometricSettingsStore.swift */ = {isa = PBXFileReference; lastKnownFileType = sourcecode.swift; path = BiometricSettingsStore.swift; sourceTree = "<group>"; };
		E3B10AA92EF98888000F07D7 /* BiometricSetupPromptView.swift */ = {isa = PBXFileReference; lastKnownFileType = sourcecode.swift; path = BiometricSetupPromptView.swift; sourceTree = "<group>"; };
		E3D0A3492EC83A1300EA81E3 /* Sapp.app */ = {isa = PBXFileReference; explicitFileType = wrapper.application; includeInIndex = 0; path = Sapp.app; sourceTree = BUILT_PRODUCTS_DIR; };
		E3D561BE2F17334400C139F1 /* sapp.swift */ = {isa = PBXFileReference; lastKnownFileType = sourcecode.swift; path = sapp.swift; sourceTree = "<group>"; };
		E3D561CB2F1A141300C139F1 /* BareKit.xcframework */ = {isa = PBXFileReference; lastKnownFileType = wrapper.xcframework; name = BareKit.xcframework; path = Frameworks/BareKit.xcframework; sourceTree = "<group>"; };
		E3D561D02F1C88D100C139F1 /* Sapp-Bridging-Header.h */ = {isa = PBXFileReference; lastKnownFileType = sourcecode.c.h; path = "Sapp-Bridging-Header.h"; sourceTree = "<group>"; };
		FAB420F0204C20473C2A037A /* ChatModels.swift */ = {isa = PBXFileReference; includeInIndex = 1; lastKnownFileType = sourcecode.swift; name = ChatModels.swift; path = Core/Messaging/ChatModels.swift; sourceTree = "<group>"; };
		FAD3EADDCD825F6AC6DA2242 /* NewChatView.swift */ = {isa = PBXFileReference; includeInIndex = 1; lastKnownFileType = sourcecode.swift; name = NewChatView.swift; path = Features/Messaging/NewChatView.swift; sourceTree = "<group>"; };
/* End PBXFileReference section */

/* Begin PBXFrameworksBuildPhase section */
		E3D0A3462EC83A1300EA81E3 /* Frameworks */ = {
			isa = PBXFrameworksBuildPhase;
			buildActionMask = 2147483647;
			files = (
				E3D561CC2F1A141300C139F1 /* BareKit.xcframework in Frameworks */,
				E3A481272F2C5A7B0079119F /* Privy in Frameworks */,
			);
			runOnlyForDeploymentPostprocessing = 0;
		};
/* End PBXFrameworksBuildPhase section */

/* Begin PBXGroup section */
		0F5957920AD1176D2FA39F9A /* Solana */ = {
			isa = PBXGroup;
			children = (
				7600FAD8F160E2ABC8A1DADB /* SolanaModels.swift */,
				4FA7D297285D2D2F5A525E09 /* SolanaWalletService.swift */,
			);
			name = Solana;
			sourceTree = "<group>";
		};
		402920A53D2EDAAF5DB7705E /* Messaging */ = {
			isa = PBXGroup;
			children = (
				E3A481342F2CDCCF0079119F /* SplitBillView.swift */,
				E3A481302F2C95700079119F /* GroupDetailsView.swift */,
				E3A481312F2C95700079119F /* ProfileView.swift */,
				E32EB5B82F24C126002AC726 /* ChatView.swift */,
				E32EB5B92F24C126002AC726 /* ConversationsView.swift */,
				E32EB5BA2F24C126002AC726 /* NewChatView.swift */,
				E32EB5BB2F24C126002AC726 /* SendCryptoInChatView.swift */,
			);
			name = Messaging;
			sourceTree = "<group>";
		};
		6040E5C866A4C44C2975E1DD /* Wallet */ = {
			isa = PBXGroup;
			children = (
				DE04578F4702934235555E4E /* WalletView.swift */,
			);
			name = Wallet;
			sourceTree = "<group>";
		};
		7329A4F2C96844CC98CD7570 /* Messaging */ = {
			isa = PBXGroup;
			children = (
				E3607C1C2F2A48EC0051AA71 /* Hypercore */,
				E32EB5922F1C8B11002AC726 /* BareKitBridge.swift */,
				E32EB5932F1C8B11002AC726 /* BareKitManager.swift */,
				E32EB5942F1C8B11002AC726 /* ChatModels.swift */,
				E32EB5952F1C8B11002AC726 /* MessagingService.swift */,
			);
			name = Messaging;
			sourceTree = "<group>";
		};
		7D59005C5E8ADCC02046785B /* Solana */ = {
			isa = PBXGroup;
			children = (
				E32EB5892F1C8ADC002AC726 /* SolanaModels.swift */,
				E32EB58A2F1C8ADC002AC726 /* SolanaPriceService.swift */,
				E32EB58B2F1C8ADC002AC726 /* SolanaWalletService.swift */,
				E32EB58C2F1C8ADC002AC726 /* TransactionBuilder.swift */,
			);
			name = Solana;
			sourceTree = "<group>";
		};
		813108546300F2E80FE6364A /* Features */ = {
			isa = PBXGroup;
			children = (
				E32EB5B02F1C8D64002AC726 /* Payment */,
				C1F68E28594301D4C041BCF3 /* Messaging */,
				6040E5C866A4C44C2975E1DD /* Wallet */,
			);
			name = Features;
			sourceTree = "<group>";
		};
		89D9EE7737F216D682C14A10 /* Messaging */ = {
			isa = PBXGroup;
			children = (
				C506F77C4457951D306302A6 /* BareKitManager.swift */,
				FAB420F0204C20473C2A037A /* ChatModels.swift */,
				D4FC47E24006030864597E73 /* MessagingService.swift */,
			);
			name = Messaging;
			sourceTree = "<group>";
		};
		A75D09090B0B32046A8A61CC /* Sapp-ios */ = {
			isa = PBXGroup;
			children = (
				E32EB5AD2F1C8D2D002AC726 /* QRCode */,
				E3D561D02F1C88D100C139F1 /* Sapp-Bridging-Header.h */,
				C0EDAC53A335D859DDD9F0AE /* Core */,
				813108546300F2E80FE6364A /* Features */,
			);
			name = "Sapp-ios";
			sourceTree = "<group>";
		};
		B48D8392271053D4FE7D8A4B /* Wallet */ = {
			isa = PBXGroup;
			children = (
				E32EB5E92F261D71002AC726 /* CardOrderView.swift */,
				E32EB5D92F25F6A9002AC726 /* DepositSheet.swift */,
				E32EB5DA2F25F6A9002AC726 /* EarnSummaryCard.swift */,
				E32EB5DB2F25F6A9002AC726 /* EarnViewModel.swift */,
				E32EB5DC2F25F6A9002AC726 /* PoolRowView.swift */,
				E32EB5DD2F25F6A9002AC726 /* PositionCard.swift */,
				E32EB5DE2F25F6A9002AC726 /* WithdrawSheet.swift */,
				E32EB5D72F25E1C5002AC726 /* SwapView.swift */,
				E32EB5D32F25D7EA002AC726 /* EarnView.swift */,
				E32EB5CB2F24C4F0002AC726 /* SendCryptoView.swift */,
				E32EB5CC2F24C4F0002AC726 /* WalletView.swift */,
				C5823A4F148D3965E2AEBE70 /* PaymentFlowCoordinator.swift */,
				A8BBCE419FD6959FF1DD87FC /* AutoSwapPayView.swift */,
				CA04D6D649B7CCBD760F971B /* StarpayCardsView.swift */,
				0789052981CF5B478E99CEAB /* CardDetailView.swift */,
			);
			name = Wallet;
			sourceTree = "<group>";
		};
		C0EDAC53A335D859DDD9F0AE /* Core */ = {
			isa = PBXGroup;
			children = (
				E32EB5B42F1C98E5002AC726 /* Config */,
				E32EB59E2F1C8C82002AC726 /* Database */,
				E32EB59B2F1C8B6C002AC726 /* Networking */,
				0F5957920AD1176D2FA39F9A /* Solana */,
				89D9EE7737F216D682C14A10 /* Messaging */,
			);
			name = Core;
			sourceTree = "<group>";
		};
		C1F68E28594301D4C041BCF3 /* Messaging */ = {
			isa = PBXGroup;
			children = (
				AFBFE842556502107015CEC5 /* ConversationsView.swift */,
				4D14BE0F5BD83BD122195D05 /* ChatView.swift */,
				FAD3EADDCD825F6AC6DA2242 /* NewChatView.swift */,
			);
			name = Messaging;
			sourceTree = "<group>";
		};
		E301F1FD2ED5E983000F07D7 /* Components */ = {
			isa = PBXGroup;
			children = (
				E3A4812E2F2C95150079119F /* GroupInitialsView.swift */,
				E301F1F92ED5E983000F07D7 /* QRCodeView.swift */,
				AFBC8E0427E4C24FA37293AD /* SappButton.swift */,
				7C647E6C13087BA1D9BBF9E2 /* SappTextField.swift */,
				A363CF5DA4A3C1AAAF052565 /* SappBottomBar.swift */,
			);
			path = Components;
			sourceTree = "<group>";
		};
		E301F1FF2ED5E983000F07D7 /* Formatting */ = {
			isa = PBXGroup;
			children = (
			);
			path = Formatting;
			sourceTree = "<group>";
		};
		E301F2082ED5E983000F07D7 /* Services */ = {
			isa = PBXGroup;
			children = (
				E3A481362F2CDCE30079119F /* FeedbackService.swift */,
				E301F2002ED5E983000F07D7 /* AuthService.swift */,
				E3B10AA72EF98888000F07D7 /* BiometricAuthService.swift */,
				E3B10AA82EF98888000F07D7 /* BiometricSettingsStore.swift */,
				E301F2012ED5E983000F07D7 /* HomeService.swift */,
				AA0001102F17A00000000001 /* SappAPIService.swift */,
				E34428122F2C580100C0EB3C /* PrivyAuthService.swift */,
			);
			path = Services;
			sourceTree = "<group>";
		};
		E301F20D2ED5E983000F07D7 /* State */ = {
			isa = PBXGroup;
			children = (
				E301F2092ED5E983000F07D7 /* AuthViewModel.swift */,
				E301F20A2ED5E983000F07D7 /* CurrencyStore.swift */,
				E301F20B2ED5E983000F07D7 /* HandPreference.swift */,
				E301F20C2ED5E983000F07D7 /* WalletViewModel.swift */,
			);
			path = State;
			sourceTree = "<group>";
		};
		E301F2112ED5E983000F07D7 /* Storage */ = {
			isa = PBXGroup;
			children = (
				E3648DE32EDDCA1600962E5A /* WalletMetadataStore.swift */,
				E301F20E2ED5E983000F07D7 /* WalletMnemonicCodec.swift */,
				E301F20F2ED5E983000F07D7 /* WalletSeedStore.swift */,
				E301F2102ED5E983000F07D7 /* WalletSyncState.swift */,
			);
			path = Storage;
			sourceTree = "<group>";
		};
		E301F2132ED5E983000F07D7 /* Theme */ = {
			isa = PBXGroup;
			children = (
				E301F2122ED5E983000F07D7 /* Theme.swift */,
			);
			path = Theme;
			sourceTree = "<group>";
		};
		E301F2162ED5E983000F07D7 /* Core */ = {
			isa = PBXGroup;
			children = (
				E32EB5ED2F261F7A002AC726 /* StarPay */,
				E32EB5C52F24C15E002AC726 /* Crypto */,
				E301F1FD2ED5E983000F07D7 /* Components */,
				E301F1FF2ED5E983000F07D7 /* Formatting */,
				E301F2082ED5E983000F07D7 /* Services */,
				E301F20D2ED5E983000F07D7 /* State */,
				E301F2112ED5E983000F07D7 /* Storage */,
				E301F2132ED5E983000F07D7 /* Theme */,
				7D59005C5E8ADCC02046785B /* Solana */,
				7329A4F2C96844CC98CD7570 /* Messaging */,
			);
			path = Core;
			sourceTree = "<group>";
		};
		E301F2232ED5E983000F07D7 /* Onboarding */ = {
			isa = PBXGroup;
			children = (
				E3B10AA92EF98888000F07D7 /* BiometricSetupPromptView.swift */,
				AA0001122F17A00000000002 /* HandleSetupView.swift */,
				E301F2222ED5E983000F07D7 /* WalletOnboardingViewModel.swift */,
				9778FCC0A8225E9236AD8592 /* OnboardingView.swift */,
			);
			path = Onboarding;
			sourceTree = "<group>";
		};
		E301F22C2ED5E983000F07D7 /* Settings */ = {
			isa = PBXGroup;
			children = (
				E32EB5B62F247C6B002AC726 /* WalletBackupView.swift */,
				E301F22B2ED5E983000F07D7 /* SettingsView.swift */,
			);
			path = Settings;
			sourceTree = "<group>";
		};
		E301F22F2ED5E983000F07D7 /* Features */ = {
			isa = PBXGroup;
			children = (
				E301F2232ED5E983000F07D7 /* Onboarding */,
				E301F22C2ED5E983000F07D7 /* Settings */,
				402920A53D2EDAAF5DB7705E /* Messaging */,
				B48D8392271053D4FE7D8A4B /* Wallet */,
			);
			path = Features;
			sourceTree = "<group>";
		};
		E301F2322ED5E983000F07D7 /* Navigation */ = {
			isa = PBXGroup;
			children = (
				E301F2302ED5E983000F07D7 /* MainTabView.swift */,
				E301F2312ED5E983000F07D7 /* RootNavigationView.swift */,
			);
			path = Navigation;
			sourceTree = "<group>";
		};
		E32EB59B2F1C8B6C002AC726 /* Networking */ = {
			isa = PBXGroup;
			children = (
				E32EB59C2F1C8B99002AC726 /* WebSocketService.swift */,
			);
			path = Networking;
			sourceTree = "<group>";
		};
		E32EB59E2F1C8C82002AC726 /* Database */ = {
			isa = PBXGroup;
			children = (
				E32EB59F2F1C8CAE002AC726 /* DatabaseManager.swift */,
				E32EB5A42F1C8CAE002AC726 /* Entities */,
				E32EB5A52F1C8CAE002AC726 /* Sapp.xcdatamodeld */,
			);
			path = Database;
			sourceTree = "<group>";
		};
		E32EB5A42F1C8CAE002AC726 /* Entities */ = {
			isa = PBXGroup;
			children = (
				E32EB5A02F1C8CAE002AC726 /* ContactEntity.swift */,
				E32EB5A12F1C8CAE002AC726 /* ConversationEntity.swift */,
				E32EB5A22F1C8CAE002AC726 /* MessageEntity.swift */,
				E32EB5A32F1C8CAE002AC726 /* ParticipantEntity.swift */,
			);
			name = Entities;
			path = Core/Database/Entities;
			sourceTree = SOURCE_ROOT;
		};
		E32EB5AD2F1C8D2D002AC726 /* QRCode */ = {
			isa = PBXGroup;
			children = (
				E32EB5AE2F1C8D4E002AC726 /* QRCodeScanner.swift */,
			);
			path = QRCode;
			sourceTree = "<group>";
		};
		E32EB5B02F1C8D64002AC726 /* Payment */ = {
			isa = PBXGroup;
			children = (
				E32EB5B12F1C8D79002AC726 /* QRScannerView.swift */,
			);
			path = Payment;
			sourceTree = "<group>";
		};
		E32EB5B42F1C98E5002AC726 /* Config */ = {
			isa = PBXGroup;
			children = (
				E32EB5B32F1C98E5002AC726 /* AppConfig.swift */,
			);
			name = Config;
			path = Core/Config;
			sourceTree = "<group>";
		};
		E32EB5C52F24C15E002AC726 /* Crypto */ = {
			isa = PBXGroup;
			children = (
				E32EB5CF2F25D7C2002AC726 /* SilentSwapModels.swift */,
				E32EB5D02F25D7C2002AC726 /* SilentSwapService.swift */,
				E32EB5E52F25F6E6002AC726 /* LuloModels.swift */,
				E32EB5E62F25F6E6002AC726 /* LuloService.swift */,
				E32EB5C02F24C15E002AC726 /* EncryptionService.swift */,
				E32EB5C12F24C15E002AC726 /* ShadowWireAPI.swift */,
				E32EB5C22F24C15E002AC726 /* ShadowWireModels.swift */,
				E32EB5C32F24C15E002AC726 /* ShadowWireService.swift */,
				E32EB5C42F24C15E002AC726 /* ShadowWireTokens.swift */,
				E34428032F2BC0A700C0EB3C /* SETTINGS_VIEW_DEBUG_GUIDE.md */,
				A3C7C5CDC83B90F3076BC8A1 /* SwapAndPayModels.swift */,
				3C33815850A983161226F91C /* SwapAndPayService.swift */,
			);
			path = Crypto;
			sourceTree = "<group>";
		};
		E32EB5ED2F261F7A002AC726 /* StarPay */ = {
			isa = PBXGroup;
			children = (
				E32EB5EB2F261F7A002AC726 /* StarPayModels.swift */,
				E32EB5EC2F261F7A002AC726 /* StarPayService.swift */,
				D57700E429B5EA373DB8AB5E /* StarpayCardStorage.swift */,
			);
			path = StarPay;
			sourceTree = "<group>";
		};
		E344280D2F2C51EA00C0EB3C /* Recovered References */ = {
			isa = PBXGroup;
			children = (
				A2BF753256520F4A50E64306 /* PrivyAuthServiceProtocol.swift */,
				A2BF753256520F4A50E64307 /* PrivyModels.swift */,
				A2BF753256520F4A50E64308 /* PrivyConfiguration.swift */,
				A2BF753256520F4A50E64309 /* SappErrors.swift */,
				A2BF753256520F4A50E6430A /* WalletModels.swift */,
				A2BF753256520F4A50E6430B /* WalletAPIService.swift */,
			);
			name = "Recovered References";
			sourceTree = "<group>";
		};
		E3607C1C2F2A48EC0051AA71 /* Hypercore */ = {
			isa = PBXGroup;
			children = (
				E3607C152F2A48EC0051AA71 /* ConversationRecovery.swift */,
				E3607C162F2A48EC0051AA71 /* ConversationStore.swift */,
				E3607C172F2A48EC0051AA71 /* HybridMessagingService.swift */,
				E3607C182F2A48EC0051AA71 /* HypercoreIntegration.swift */,
				E3607C192F2A48EC0051AA71 /* HypercoreModels.swift */,
				E3607C1A2F2A48EC0051AA71 /* HypercoreService.swift */,
				E3607C1B2F2A48EC0051AA71 /* HypercoreWorkletSource.swift */,
			);
			name = Hypercore;
			path = Messaging/Hypercore;
			sourceTree = "<group>";
		};
		E3D0A3402EC83A1300EA81E3 = {
			isa = PBXGroup;
			children = (
				E3A481382F2DB8790079119F /* hypercore.bundle */,
				E3D561BE2F17334400C139F1 /* sapp.swift */,
				E3648DDD2EDC4A8F00962E5A /* Media.xcassets */,
				E3648DC32ED9D35600962E5A /* Info.plist */,
				E3D0A34A2EC83A1300EA81E3 /* Products */,
				E301F2162ED5E983000F07D7 /* Core */,
				E301F22F2ED5E983000F07D7 /* Features */,
				E301F2322ED5E983000F07D7 /* Navigation */,
				A75D09090B0B32046A8A61CC /* Sapp-ios */,
				E3D561CA2F1A141200C139F1 /* Frameworks */,
				01E3C37E5B0BB665F874AAF3 /* Config.plist */,
				D46A2CDEA331F36185AE895B /* Config.plist */,
				E344280D2F2C51EA00C0EB3C /* Recovered References */,
			);
			sourceTree = "<group>";
		};
		E3D0A34A2EC83A1300EA81E3 /* Products */ = {
			isa = PBXGroup;
			children = (
				E3D0A3492EC83A1300EA81E3 /* Sapp.app */,
			);
			name = Products;
			sourceTree = "<group>";
		};
		E3D561CA2F1A141200C139F1 /* Frameworks */ = {
			isa = PBXGroup;
			children = (
				E3D561CB2F1A141300C139F1 /* BareKit.xcframework */,
			);
			name = Frameworks;
			sourceTree = "<group>";
		};
/* End PBXGroup section */

/* Begin PBXNativeTarget section */
		E3D0A3482EC83A1300EA81E3 /* Sapp */ = {
			isa = PBXNativeTarget;
			buildConfigurationList = E3D0A3542EC83A1400EA81E3 /* Build configuration list for PBXNativeTarget "Sapp" */;
			buildPhases = (
				E3A4813A2F2DB8FB0079119F /* Bundle P2P Modules */,
				E3D0A3452EC83A1300EA81E3 /* Sources */,
				E3D0A3462EC83A1300EA81E3 /* Frameworks */,
				E3D0A3472EC83A1300EA81E3 /* Resources */,
				E3D561CE2F1A141300C139F1 /* Embed Frameworks */,
			);
			buildRules = (
			);
			dependencies = (
			);
			name = Sapp;
			packageProductDependencies = (
				E3A481262F2C5A7B0079119F /* Privy */,
			);
			productName = Sapp;
			productReference = E3D0A3492EC83A1300EA81E3 /* Sapp.app */;
			productType = "com.apple.product-type.application";
		};
/* End PBXNativeTarget section */

/* Begin PBXProject section */
		E3D0A3412EC83A1300EA81E3 /* Project object */ = {
			isa = PBXProject;
			attributes = {
				BuildIndependentTargetsInParallel = 1;
				LastSwiftUpdateCheck = 2610;
				LastUpgradeCheck = 2620;
				TargetAttributes = {
					E3D0A3482EC83A1300EA81E3 = {
						CreatedOnToolsVersion = 26.1.1;
					};
				};
			};
			buildConfigurationList = E3D0A3442EC83A1300EA81E3 /* Build configuration list for PBXProject "Sapp" */;
			developmentRegion = en;
			hasScannedForEncodings = 0;
			knownRegions = (
				en,
				Base,
			);
			mainGroup = E3D0A3402EC83A1300EA81E3;
			minimizedProjectReferenceProxies = 1;
			packageReferences = (
				E3A481252F2C5A7B0079119F /* XCRemoteSwiftPackageReference "privy-ios" */,
			);
			preferredProjectObjectVersion = 77;
			productRefGroup = E3D0A34A2EC83A1300EA81E3 /* Products */;
			projectDirPath = "";
			projectRoot = "";
			targets = (
				E3D0A3482EC83A1300EA81E3 /* Sapp */,
			);
		};
/* End PBXProject section */

/* Begin PBXResourcesBuildPhase section */
		E3D0A3472EC83A1300EA81E3 /* Resources */ = {
			isa = PBXResourcesBuildPhase;
			buildActionMask = 2147483647;
			files = (
				E3A481392F2DB8790079119F /* hypercore.bundle in Resources */,
				E3648DDE2EDC4A8F00962E5A /* Media.xcassets in Resources */,
				320866D1D5258F1E44E036D0 /* Config.plist in Resources */,
			);
			runOnlyForDeploymentPostprocessing = 0;
		};
/* End PBXResourcesBuildPhase section */

/* Begin PBXShellScriptBuildPhase section */
		E3A4813A2F2DB8FB0079119F /* Bundle P2P Modules */ = {
			isa = PBXShellScriptBuildPhase;
			alwaysOutOfDate = 1;
			buildActionMask = 2147483647;
			files = (
			);
			inputFileListPaths = (
			);
			inputPaths = (
			);
			name = "Bundle P2P Modules";
			outputFileListPaths = (
			);
			outputPaths = (
			);
			runOnlyForDeploymentPostprocessing = 0;
			shellPath = /bin/sh;
			shellScript = "cd \"${SRCROOT}\"\n\necho \"========================================\"\necho \"[prebuild] Starting P2P bundle process\"\necho \"========================================\"\n\n# Check if node_modules exists\nif [ ! -d \"node_modules\" ]; then\n    echo \"[prebuild] Installing npm dependencies...\"\n    npm install\nfi\n\n# Check if worklet source exists\nif [ ! -f \"./worklets/hypercore.js\" ]; then\n    echo \"[prebuild] Warning: worklets/hypercore.js not found, skipping bundle\"\n    exit 0\nfi\n\n# Create output directories\nmkdir -p ./worklets\nmkdir -p ./addons\n\n# Bundle the hypercore worklet\necho \"[prebuild] Running bare-pack...\"\n./node_modules/.bin/bare-pack \\\n  --preset ios \\\n  --base . \\\n  --builtins ./builtins.json \\\n  --out ./worklets/hypercore.bundle \\\n  ./worklets/hypercore.js\n\necho \"[prebuild] SUCCESS! Bundle: worklets/hypercore.bundle\"\n";
		};
/* End PBXShellScriptBuildPhase section */

/* Begin PBXSourcesBuildPhase section */
		E3D0A3452EC83A1300EA81E3 /* Sources */ = {
			isa = PBXSourcesBuildPhase;
			buildActionMask = 2147483647;
			files = (
				E301F23A2ED5E983000F07D7 /* RootNavigationView.swift in Sources */,
				E301F23C2ED5E983000F07D7 /* WalletSeedStore.swift in Sources */,
				E301F23E2ED5E983000F07D7 /* CurrencyStore.swift in Sources */,
				E301F23F2ED5E983000F07D7 /* WalletViewModel.swift in Sources */,
				E3A481352F2CDCCF0079119F /* SplitBillView.swift in Sources */,
				E301F2422ED5E983000F07D7 /* MainTabView.swift in Sources */,
				E301F2482ED5E983000F07D7 /* AuthViewModel.swift in Sources */,
				E3D561C22F17334400C139F1 /* sapp.swift in Sources */,
				E34428132F2C580100C0EB3C /* PrivyAuthService.swift in Sources */,
				E301F24E2ED5E983000F07D7 /* AuthService.swift in Sources */,
				E32EB59D2F1C8B99002AC726 /* WebSocketService.swift in Sources */,
				E301F24F2ED5E983000F07D7 /* WalletMnemonicCodec.swift in Sources */,
				E32EB5D62F25D7EA002AC726 /* EarnView.swift in Sources */,
				E301F2502ED5E983000F07D7 /* HomeService.swift in Sources */,
				E301F2532ED5E983000F07D7 /* HandPreference.swift in Sources */,
				E301F2562ED5E983000F07D7 /* WalletOnboardingViewModel.swift in Sources */,
				E301F2592ED5E983000F07D7 /* WalletSyncState.swift in Sources */,
				E301F25E2ED5E983000F07D7 /* QRCodeView.swift in Sources */,
				E301F25F2ED5E983000F07D7 /* SettingsView.swift in Sources */,
				E32EB5A72F1C8CAE002AC726 /* ContactEntity.swift in Sources */,
				E32EB5A82F1C8CAE002AC726 /* ConversationEntity.swift in Sources */,
				E32EB5A92F1C8CAE002AC726 /* DatabaseManager.swift in Sources */,
				E32EB5AA2F1C8CAE002AC726 /* ParticipantEntity.swift in Sources */,
				E32EB5BC2F24C126002AC726 /* ChatView.swift in Sources */,
				E32EB5C62F24C15E002AC726 /* ShadowWireAPI.swift in Sources */,
				E3607C1D2F2A48EC0051AA71 /* ConversationStore.swift in Sources */,
				E3607C1E2F2A48EC0051AA71 /* HypercoreWorkletSource.swift in Sources */,
				E3607C1F2F2A48EC0051AA71 /* ConversationRecovery.swift in Sources */,
				E3607C202F2A48EC0051AA71 /* HypercoreModels.swift in Sources */,
				E3607C212F2A48EC0051AA71 /* HybridMessagingService.swift in Sources */,
				E3607C222F2A48EC0051AA71 /* HypercoreIntegration.swift in Sources */,
				E3607C232F2A48EC0051AA71 /* HypercoreService.swift in Sources */,
				E32EB5C72F24C15E002AC726 /* ShadowWireModels.swift in Sources */,
				E32EB5C82F24C15E002AC726 /* EncryptionService.swift in Sources */,
				E32EB5C92F24C15E002AC726 /* ShadowWireTokens.swift in Sources */,
				E32EB5CA2F24C15E002AC726 /* ShadowWireService.swift in Sources */,
				E32EB5BD2F24C126002AC726 /* SendCryptoInChatView.swift in Sources */,
				E32EB5BE2F24C126002AC726 /* ConversationsView.swift in Sources */,
				E32EB5BF2F24C126002AC726 /* NewChatView.swift in Sources */,
				E32EB5D82F25E1C5002AC726 /* SwapView.swift in Sources */,
				E32EB5AB2F1C8CAE002AC726 /* Sapp.xcdatamodeld in Sources */,
				E32EB5AC2F1C8CAE002AC726 /* MessageEntity.swift in Sources */,
				E301F2622ED5E983000F07D7 /* Theme.swift in Sources */,
				E3648DE42EDDCA1600962E5A /* WalletMetadataStore.swift in Sources */,
				E3B10AAA2EF98888000F07D7 /* BiometricAuthService.swift in Sources */,
				E32EB5962F1C8B11002AC726 /* BareKitBridge.swift in Sources */,
				E32EB5EE2F261F7A002AC726 /* StarPayService.swift in Sources */,
				E32EB5EF2F261F7A002AC726 /* StarPayModels.swift in Sources */,
				E32EB5972F1C8B11002AC726 /* MessagingService.swift in Sources */,
				E32EB5982F1C8B11002AC726 /* BareKitManager.swift in Sources */,
				E32EB5B22F1C8D79002AC726 /* QRScannerView.swift in Sources */,
				E32EB5992F1C8B11002AC726 /* ChatModels.swift in Sources */,
				E3B10AAB2EF98888000F07D7 /* BiometricSettingsStore.swift in Sources */,
				E32EB5B72F247C6B002AC726 /* WalletBackupView.swift in Sources */,
				E3B10AAC2EF98888000F07D7 /* BiometricSetupPromptView.swift in Sources */,
				4E6B4331220B57703CDDB01C /* SappButton.swift in Sources */,
				E3A481372F2CDCE30079119F /* FeedbackService.swift in Sources */,
				E3A481322F2C95700079119F /* GroupDetailsView.swift in Sources */,
				E3A481332F2C95700079119F /* ProfileView.swift in Sources */,
				6434E002114677FF73300872 /* SappTextField.swift in Sources */,
				40B6C15CF38CD9E560DA2559 /* SappBottomBar.swift in Sources */,
				3AA5EAB800509993DA50D795 /* OnboardingView.swift in Sources */,
				E32EB5E72F25F6E6002AC726 /* LuloModels.swift in Sources */,
				E3A4812F2F2C95150079119F /* GroupInitialsView.swift in Sources */,
				E32EB5E82F25F6E6002AC726 /* LuloService.swift in Sources */,
				C3055AE80A2654F4E2FA7FD5 /* SolanaModels.swift in Sources */,
				E32EB5B52F1C98E5002AC726 /* AppConfig.swift in Sources */,
				18AA2466207278ECE6C5C4D6 /* SolanaWalletService.swift in Sources */,
				E8620C24595CCEE7588E24DF /* PrivyAuthServiceProtocol.swift in Sources */,
				E8620C24595CCEE7588E24E0 /* PrivyModels.swift in Sources */,
				E8620C24595CCEE7588E24E1 /* PrivyConfiguration.swift in Sources */,
				E8620C24595CCEE7588E24E2 /* SappErrors.swift in Sources */,
				E8620C24595CCEE7588E24E3 /* WalletModels.swift in Sources */,
				E8620C24595CCEE7588E24E4 /* WalletAPIService.swift in Sources */,
				D1BCCB653D6410EB83C0BC24 /* BareKitManager.swift in Sources */,
				0A8C5960EBC46A2ADAA75E66 /* ChatModels.swift in Sources */,
				B2C95E81033D827717590D5A /* MessagingService.swift in Sources */,
				8C5B609947D794A51C3A7583 /* ConversationsView.swift in Sources */,
				E32EB5CD2F24C4F0002AC726 /* SendCryptoView.swift in Sources */,
				E32EB5CE2F24C4F0002AC726 /* WalletView.swift in Sources */,
				E32EB5DF2F25F6A9002AC726 /* WithdrawSheet.swift in Sources */,
				E32EB5E02F25F6A9002AC726 /* DepositSheet.swift in Sources */,
				E32EB5E12F25F6A9002AC726 /* PoolRowView.swift in Sources */,
				E32EB5E22F25F6A9002AC726 /* EarnViewModel.swift in Sources */,
				E32EB5E32F25F6A9002AC726 /* PositionCard.swift in Sources */,
				E32EB5E42F25F6A9002AC726 /* EarnSummaryCard.swift in Sources */,
				E32EB5D12F25D7C2002AC726 /* SilentSwapService.swift in Sources */,
				E32EB5D22F25D7C2002AC726 /* SilentSwapModels.swift in Sources */,
				35DD5ADD531AEBD1FBE0210E /* ChatView.swift in Sources */,
				1C02807D99B7480D19D0AAC4 /* NewChatView.swift in Sources */,
				E32EB58D2F1C8ADC002AC726 /* SolanaPriceService.swift in Sources */,
				E32EB58E2F1C8ADC002AC726 /* TransactionBuilder.swift in Sources */,
				E32EB58F2F1C8ADC002AC726 /* SolanaModels.swift in Sources */,
				E32EB5AF2F1C8D4E002AC726 /* QRCodeScanner.swift in Sources */,
				E32EB5912F1C8ADC002AC726 /* SolanaWalletService.swift in Sources */,
				315F4599EAFAB656D0A8FCEB /* WalletView.swift in Sources */,
				AA0001112F17A00000000001 /* SappAPIService.swift in Sources */,
				AA0001132F17A00000000002 /* HandleSetupView.swift in Sources */,
				E32EB5EA2F261D71002AC726 /* CardOrderView.swift in Sources */,
				542049CE63A983D0D9040459 /* SwapAndPayModels.swift in Sources */,
				96B0C10D72F29D0533BBADF3 /* SwapAndPayService.swift in Sources */,
				292D3EA00EBA2A7FCD83A0B7 /* PaymentFlowCoordinator.swift in Sources */,
				A2C220E46E804FEC4DF9CC7A /* AutoSwapPayView.swift in Sources */,
				9985329C10B4D272A6DB022C /* StarpayCardStorage.swift in Sources */,
				E97C778B51D8242D06B27D0E /* StarpayCardsView.swift in Sources */,
				2A3C2D4E17A995F9BA071B55 /* CardDetailView.swift in Sources */,
			);
			runOnlyForDeploymentPostprocessing = 0;
		};
/* End PBXSourcesBuildPhase section */

/* Begin XCBuildConfiguration section */
		E3D0A3522EC83A1400EA81E3 /* Debug */ = {
			isa = XCBuildConfiguration;
			buildSettings = {
				ALWAYS_SEARCH_USER_PATHS = NO;
				ASSETCATALOG_COMPILER_GENERATE_SWIFT_ASSET_SYMBOL_EXTENSIONS = YES;
				CLANG_ANALYZER_NONNULL = YES;
				CLANG_ANALYZER_NUMBER_OBJECT_CONVERSION = YES_AGGRESSIVE;
				CLANG_CXX_LANGUAGE_STANDARD = "gnu++20";
				CLANG_ENABLE_MODULES = YES;
				CLANG_ENABLE_OBJC_ARC = YES;
				CLANG_ENABLE_OBJC_WEAK = YES;
				CLANG_WARN_BLOCK_CAPTURE_AUTORELEASING = YES;
				CLANG_WARN_BOOL_CONVERSION = YES;
				CLANG_WARN_COMMA = YES;
				CLANG_WARN_CONSTANT_CONVERSION = YES;
				CLANG_WARN_DEPRECATED_OBJC_IMPLEMENTATIONS = YES;
				CLANG_WARN_DIRECT_OBJC_ISA_USAGE = YES_ERROR;
				CLANG_WARN_DOCUMENTATION_COMMENTS = YES;
				CLANG_WARN_EMPTY_BODY = YES;
				CLANG_WARN_ENUM_CONVERSION = YES;
				CLANG_WARN_INFINITE_RECURSION = YES;
				CLANG_WARN_INT_CONVERSION = YES;
				CLANG_WARN_NON_LITERAL_NULL_CONVERSION = YES;
				CLANG_WARN_OBJC_IMPLICIT_RETAIN_SELF = YES;
				CLANG_WARN_OBJC_LITERAL_CONVERSION = YES;
				CLANG_WARN_OBJC_ROOT_CLASS = YES_ERROR;
				CLANG_WARN_QUOTED_INCLUDE_IN_FRAMEWORK_HEADER = YES;
				CLANG_WARN_RANGE_LOOP_ANALYSIS = YES;
				CLANG_WARN_STRICT_PROTOTYPES = YES;
				CLANG_WARN_SUSPICIOUS_MOVE = YES;
				CLANG_WARN_UNGUARDED_AVAILABILITY = YES_AGGRESSIVE;
				CLANG_WARN_UNREACHABLE_CODE = YES;
				CLANG_WARN__DUPLICATE_METHOD_MATCH = YES;
				COPY_PHASE_STRIP = NO;
				DEBUG_INFORMATION_FORMAT = dwarf;
				DEVELOPMENT_TEAM = K57KVAZ43Z;
				ENABLE_STRICT_OBJC_MSGSEND = YES;
				ENABLE_TESTABILITY = YES;
				ENABLE_USER_SCRIPT_SANDBOXING = YES;
				FRAMEWORK_SEARCH_PATHS = "$(inherited)";
				GCC_C_LANGUAGE_STANDARD = gnu17;
				GCC_DYNAMIC_NO_PIC = NO;
				GCC_NO_COMMON_BLOCKS = YES;
				GCC_OPTIMIZATION_LEVEL = 0;
				GCC_PREPROCESSOR_DEFINITIONS = (
					"DEBUG=1",
					"$(inherited)",
				);
				GCC_WARN_64_TO_32_BIT_CONVERSION = YES;
				GCC_WARN_ABOUT_RETURN_TYPE = YES_ERROR;
				GCC_WARN_UNDECLARED_SELECTOR = YES;
				GCC_WARN_UNINITIALIZED_AUTOS = YES_AGGRESSIVE;
				GCC_WARN_UNUSED_FUNCTION = YES;
				GCC_WARN_UNUSED_VARIABLE = YES;
				IPHONEOS_DEPLOYMENT_TARGET = 26.0;
				LOCALIZATION_PREFERS_STRING_CATALOGS = YES;
				MTL_ENABLE_DEBUG_INFO = INCLUDE_SOURCE;
				MTL_FAST_MATH = YES;
				ONLY_ACTIVE_ARCH = YES;
				SDKROOT = iphoneos;
				STRING_CATALOG_GENERATE_SYMBOLS = YES;
				SWIFT_ACTIVE_COMPILATION_CONDITIONS = "DEBUG $(inherited)";
				SWIFT_OPTIMIZATION_LEVEL = "-Onone";
			};
			name = Debug;
		};
		E3D0A3532EC83A1400EA81E3 /* Release */ = {
			isa = XCBuildConfiguration;
			buildSettings = {
				ALWAYS_SEARCH_USER_PATHS = NO;
				ASSETCATALOG_COMPILER_GENERATE_SWIFT_ASSET_SYMBOL_EXTENSIONS = YES;
				CLANG_ANALYZER_NONNULL = YES;
				CLANG_ANALYZER_NUMBER_OBJECT_CONVERSION = YES_AGGRESSIVE;
				CLANG_CXX_LANGUAGE_STANDARD = "gnu++20";
				CLANG_ENABLE_MODULES = YES;
				CLANG_ENABLE_OBJC_ARC = YES;
				CLANG_ENABLE_OBJC_WEAK = YES;
				CLANG_WARN_BLOCK_CAPTURE_AUTORELEASING = YES;
				CLANG_WARN_BOOL_CONVERSION = YES;
				CLANG_WARN_COMMA = YES;
				CLANG_WARN_CONSTANT_CONVERSION = YES;
				CLANG_WARN_DEPRECATED_OBJC_IMPLEMENTATIONS = YES;
				CLANG_WARN_DIRECT_OBJC_ISA_USAGE = YES_ERROR;
				CLANG_WARN_DOCUMENTATION_COMMENTS = YES;
				CLANG_WARN_EMPTY_BODY = YES;
				CLANG_WARN_ENUM_CONVERSION = YES;
				CLANG_WARN_INFINITE_RECURSION = YES;
				CLANG_WARN_INT_CONVERSION = YES;
				CLANG_WARN_NON_LITERAL_NULL_CONVERSION = YES;
				CLANG_WARN_OBJC_IMPLICIT_RETAIN_SELF = YES;
				CLANG_WARN_OBJC_LITERAL_CONVERSION = YES;
				CLANG_WARN_OBJC_ROOT_CLASS = YES_ERROR;
				CLANG_WARN_QUOTED_INCLUDE_IN_FRAMEWORK_HEADER = YES;
				CLANG_WARN_RANGE_LOOP_ANALYSIS = YES;
				CLANG_WARN_STRICT_PROTOTYPES = YES;
				CLANG_WARN_SUSPICIOUS_MOVE = YES;
				CLANG_WARN_UNGUARDED_AVAILABILITY = YES_AGGRESSIVE;
				CLANG_WARN_UNREACHABLE_CODE = YES;
				CLANG_WARN__DUPLICATE_METHOD_MATCH = YES;
				COPY_PHASE_STRIP = NO;
				DEBUG_INFORMATION_FORMAT = "dwarf-with-dsym";
				DEVELOPMENT_TEAM = K57KVAZ43Z;
				ENABLE_NS_ASSERTIONS = NO;
				ENABLE_STRICT_OBJC_MSGSEND = YES;
				ENABLE_USER_SCRIPT_SANDBOXING = YES;
				FRAMEWORK_SEARCH_PATHS = "$(inherited)";
				GCC_C_LANGUAGE_STANDARD = gnu17;
				GCC_NO_COMMON_BLOCKS = YES;
				GCC_WARN_64_TO_32_BIT_CONVERSION = YES;
				GCC_WARN_ABOUT_RETURN_TYPE = YES_ERROR;
				GCC_WARN_UNDECLARED_SELECTOR = YES;
				GCC_WARN_UNINITIALIZED_AUTOS = YES_AGGRESSIVE;
				GCC_WARN_UNUSED_FUNCTION = YES;
				GCC_WARN_UNUSED_VARIABLE = YES;
				IPHONEOS_DEPLOYMENT_TARGET = 26.0;
				LOCALIZATION_PREFERS_STRING_CATALOGS = YES;
				MTL_ENABLE_DEBUG_INFO = NO;
				MTL_FAST_MATH = YES;
				SDKROOT = iphoneos;
				STRING_CATALOG_GENERATE_SYMBOLS = YES;
				SWIFT_COMPILATION_MODE = wholemodule;
				VALIDATE_PRODUCT = YES;
			};
			name = Release;
		};
		E3D0A3552EC83A1400EA81E3 /* Debug */ = {
			isa = XCBuildConfiguration;
			buildSettings = {
				ASSETCATALOG_COMPILER_APPICON_NAME = AppIcon;
				ASSETCATALOG_COMPILER_GLOBAL_ACCENT_COLOR_NAME = AccentColor;
				CODE_SIGN_STYLE = Automatic;
				CURRENT_PROJECT_VERSION = 1;
				DEVELOPMENT_TEAM = K57KVAZ43Z;
				ENABLE_PREVIEWS = YES;
				GENERATE_INFOPLIST_FILE = NO;
				INFOPLIST_FILE = Info.plist;
				INFOPLIST_KEY_CFBundleDisplayName = Sapp;
				INFOPLIST_KEY_NSCameraUsageDescription = "Sapp needs camera access to scan QR codes for payments and receiving addresses.";
				INFOPLIST_KEY_UIApplicationSceneManifest_Generation = YES;
				INFOPLIST_KEY_UIApplicationSupportsIndirectInputEvents = YES;
				INFOPLIST_KEY_UILaunchScreen_Generation = YES;
				INFOPLIST_KEY_UISupportedInterfaceOrientations_iPad = "UIInterfaceOrientationPortrait UIInterfaceOrientationPortraitUpsideDown UIInterfaceOrientationLandscapeLeft UIInterfaceOrientationLandscapeRight";
				INFOPLIST_KEY_UISupportedInterfaceOrientations_iPhone = "UIInterfaceOrientationPortrait UIInterfaceOrientationLandscapeLeft UIInterfaceOrientationLandscapeRight";
				LD_RUNPATH_SEARCH_PATHS = (
					"$(inherited)",
					"@executable_path/Frameworks",
				);
				MARKETING_VERSION = 1.0;
				PRODUCT_BUNDLE_IDENTIFIER = "-xVampirot.Sapp";
				PRODUCT_NAME = "$(TARGET_NAME)";
				STRING_CATALOG_GENERATE_SYMBOLS = YES;
				SWIFT_APPROACHABLE_CONCURRENCY = YES;
				SWIFT_DEFAULT_ACTOR_ISOLATION = MainActor;
				SWIFT_EMIT_LOC_STRINGS = YES;
				SWIFT_OBJC_BRIDGING_HEADER = "Sapp-Bridging-Header.h";
				SWIFT_UPCOMING_FEATURE_MEMBER_IMPORT_VISIBILITY = YES;
				SWIFT_VERSION = 5.0;
				TARGETED_DEVICE_FAMILY = "1,2";
				f = "";
			};
			name = Debug;
		};
		E3D0A3562EC83A1400EA81E3 /* Release */ = {
			isa = XCBuildConfiguration;
			buildSettings = {
				ASSETCATALOG_COMPILER_APPICON_NAME = AppIcon;
				ASSETCATALOG_COMPILER_GLOBAL_ACCENT_COLOR_NAME = AccentColor;
				CODE_SIGN_STYLE = Automatic;
				CURRENT_PROJECT_VERSION = 1;
				DEVELOPMENT_TEAM = K57KVAZ43Z;
				ENABLE_PREVIEWS = YES;
				GENERATE_INFOPLIST_FILE = NO;
				INFOPLIST_FILE = Info.plist;
				INFOPLIST_KEY_CFBundleDisplayName = Sapp;
				INFOPLIST_KEY_NSCameraUsageDescription = "Sapp needs camera access to scan QR codes for payments and receiving addresses.";
				INFOPLIST_KEY_UIApplicationSceneManifest_Generation = YES;
				INFOPLIST_KEY_UIApplicationSupportsIndirectInputEvents = YES;
				INFOPLIST_KEY_UILaunchScreen_Generation = YES;
				INFOPLIST_KEY_UISupportedInterfaceOrientations_iPad = "UIInterfaceOrientationPortrait UIInterfaceOrientationPortraitUpsideDown UIInterfaceOrientationLandscapeLeft UIInterfaceOrientationLandscapeRight";
				INFOPLIST_KEY_UISupportedInterfaceOrientations_iPhone = "UIInterfaceOrientationPortrait UIInterfaceOrientationLandscapeLeft UIInterfaceOrientationLandscapeRight";
				LD_RUNPATH_SEARCH_PATHS = (
					"$(inherited)",
					"@executable_path/Frameworks",
				);
				MARKETING_VERSION = 1.0;
				PRODUCT_BUNDLE_IDENTIFIER = "-xVampirot.Sapp";
				PRODUCT_NAME = "$(TARGET_NAME)";
				STRING_CATALOG_GENERATE_SYMBOLS = YES;
				SWIFT_APPROACHABLE_CONCURRENCY = YES;
				SWIFT_DEFAULT_ACTOR_ISOLATION = MainActor;
				SWIFT_EMIT_LOC_STRINGS = YES;
				SWIFT_OBJC_BRIDGING_HEADER = "Sapp-Bridging-Header.h";
				SWIFT_UPCOMING_FEATURE_MEMBER_IMPORT_VISIBILITY = YES;
				SWIFT_VERSION = 5.0;
				TARGETED_DEVICE_FAMILY = "1,2";
				f = "";
			};
			name = Release;
		};
/* End XCBuildConfiguration section */

/* Begin XCConfigurationList section */
		E3D0A3442EC83A1300EA81E3 /* Build configuration list for PBXProject "Sapp" */ = {
			isa = XCConfigurationList;
			buildConfigurations = (
				E3D0A3522EC83A1400EA81E3 /* Debug */,
				E3D0A3532EC83A1400EA81E3 /* Release */,
			);
			defaultConfigurationIsVisible = 0;
			defaultConfigurationName = Release;
		};
		E3D0A3542EC83A1400EA81E3 /* Build configuration list for PBXNativeTarget "Sapp" */ = {
			isa = XCConfigurationList;
			buildConfigurations = (
				E3D0A3552EC83A1400EA81E3 /* Debug */,
				E3D0A3562EC83A1400EA81E3 /* Release */,
			);
			defaultConfigurationIsVisible = 0;
			defaultConfigurationName = Release;
		};
/* End XCConfigurationList section */

/* Begin XCRemoteSwiftPackageReference section */
		E3A481252F2C5A7B0079119F /* XCRemoteSwiftPackageReference "privy-ios" */ = {
			isa = XCRemoteSwiftPackageReference;
			repositoryURL = "https://github.com/privy-io/privy-ios";
			requirement = {
				kind = upToNextMajorVersion;
				minimumVersion = 2.8.0;
			};
		};
/* End XCRemoteSwiftPackageReference section */

/* Begin XCSwiftPackageProductDependency section */
		E3A481262F2C5A7B0079119F /* Privy */ = {
			isa = XCSwiftPackageProductDependency;
			package = E3A481252F2C5A7B0079119F /* XCRemoteSwiftPackageReference "privy-ios" */;
			productName = Privy;
		};
/* End XCSwiftPackageProductDependency section */

/* Begin XCVersionGroup section */
		E32EB5A52F1C8CAE002AC726 /* Sapp.xcdatamodeld */ = {
			isa = XCVersionGroup;
			children = (
				E32EB5A62F1C8CAE002AC726 /* Sapp.xcdatamodel */,
			);
			currentVersion = E32EB5A62F1C8CAE002AC726 /* Sapp.xcdatamodel */;
			name = Sapp.xcdatamodeld;
			path = Core/Database/Sapp.xcdatamodeld;
			sourceTree = SOURCE_ROOT;
			versionGroupType = wrapper.xcdatamodel;
		};
/* End XCVersionGroup section */
	};
	rootObject = E3D0A3412EC83A1300EA81E3 /* Project object */;
}
